
Microsoft Visual Studio Solution File, Format Version 12.00
# Visual Studio Version 16
VisualStudioVersion = 16.0.28729.10
MinimumVisualStudioVersion = 10.0.40219.1
Project("{FAE04EC0-301F-11D3-BF4B-00C04F79EFBC}") = "FtdModManager", "FtdModManager\FtdModManager.csproj", "{851AC10B-92F2-4D40-93AE-EB1E84CBFAA4}"
EndProject
Project("{2150E333-8FDC-42A3-9474-1A3956D46DE8}") = "Solution Items", "Solution Items", "{95AE01D3-FFA3-4807-A377-40A71090B3EE}"
	ProjectSection(SolutionItems) = preProject
		.gitignore = .gitignore
		changelog.txt = changelog.txt
		header.header = header.header
		modmanifest.json = modmanifest.json
		plugin.json = plugin.json
		README.md = README.md
	EndProjectSection
EndProject
Project("{D954291E-2A0B-460D-934E-DC6B0785DB48}") = "FtdModManager.Core", "FtdModManager.Core\FtdModManager.Core.shproj", "{B888F37A-E97E-4568-B5DD-185C9E3E41E1}"
EndProject
Project("{FAE04EC0-301F-11D3-BF4B-00C04F79EFBC}") = "FtdModManager.Cli", "FtdModManager.Cli\FtdModManager.Cli.csproj", "{E9B38156-17B0-4D52-B3E4-E76CC0A0EFA1}"
EndProject
Global
	GlobalSection(SharedMSBuildProjectFiles) = preSolution
		FtdModManager.Core\FtdModManager.Core.projitems*{851ac10b-92f2-4d40-93ae-eb1e84cbfaa4}*SharedItemsImports = 4
		FtdModManager.Core\FtdModManager.Core.projitems*{b888f37a-e97e-4568-b5dd-185c9e3e41e1}*SharedItemsImports = 13
		FtdModManager.Core\FtdModManager.Core.projitems*{e9b38156-17b0-4d52-b3e4-e76cc0a0efa1}*SharedItemsImports = 4
	EndGlobalSection
	GlobalSection(SolutionConfigurationPlatforms) = preSolution
		Debug|Any CPU = Debug|Any CPU
		Debug|x64 = Debug|x64
		Debug|x86 = Debug|x86
		Release|Any CPU = Release|Any CPU
		Release|x64 = Release|x64
		Release|x86 = Release|x86
	EndGlobalSection
	GlobalSection(ProjectConfigurationPlatforms) = postSolution
		{851AC10B-92F2-4D40-93AE-EB1E84CBFAA4}.Debug|Any CPU.ActiveCfg = Debug|Any CPU
		{851AC10B-92F2-4D40-93AE-EB1E84CBFAA4}.Debug|Any CPU.Build.0 = Debug|Any CPU
		{851AC10B-92F2-4D40-93AE-EB1E84CBFAA4}.Debug|x64.ActiveCfg = Debug|Any CPU
		{851AC10B-92F2-4D40-93AE-EB1E84CBFAA4}.Debug|x64.Build.0 = Debug|Any CPU
		{851AC10B-92F2-4D40-93AE-EB1E84CBFAA4}.Debug|x86.ActiveCfg = Debug|Any CPU
		{851AC10B-92F2-4D40-93AE-EB1E84CBFAA4}.Debug|x86.Build.0 = Debug|Any CPU
		{851AC10B-92F2-4D40-93AE-EB1E84CBFAA4}.Release|Any CPU.ActiveCfg = Release|Any CPU
		{851AC10B-92F2-4D40-93AE-EB1E84CBFAA4}.Release|Any CPU.Build.0 = Release|Any CPU
		{851AC10B-92F2-4D40-93AE-EB1E84CBFAA4}.Release|x64.ActiveCfg = Release|Any CPU
		{851AC10B-92F2-4D40-93AE-EB1E84CBFAA4}.Release|x64.Build.0 = Release|Any CPU
		{851AC10B-92F2-4D40-93AE-EB1E84CBFAA4}.Release|x86.ActiveCfg = Release|Any CPU
		{851AC10B-92F2-4D40-93AE-EB1E84CBFAA4}.Release|x86.Build.0 = Release|Any CPU
		{E9B38156-17B0-4D52-B3E4-E76CC0A0EFA1}.Debug|Any CPU.ActiveCfg = Debug|Any CPU
		{E9B38156-17B0-4D52-B3E4-E76CC0A0EFA1}.Debug|Any CPU.Build.0 = Debug|Any CPU
		{E9B38156-17B0-4D52-B3E4-E76CC0A0EFA1}.Debug|x64.ActiveCfg = Debug|Any CPU
		{E9B38156-17B0-4D52-B3E4-E76CC0A0EFA1}.Debug|x64.Build.0 = Debug|Any CPU
		{E9B38156-17B0-4D52-B3E4-E76CC0A0EFA1}.Debug|x86.ActiveCfg = Debug|Any CPU
		{E9B38156-17B0-4D52-B3E4-E76CC0A0EFA1}.Debug|x86.Build.0 = Debug|Any CPU
		{E9B38156-17B0-4D52-B3E4-E76CC0A0EFA1}.Release|Any CPU.ActiveCfg = Release|Any CPU
		{E9B38156-17B0-4D52-B3E4-E76CC0A0EFA1}.Release|Any CPU.Build.0 = Release|Any CPU
		{E9B38156-17B0-4D52-B3E4-E76CC0A0EFA1}.Release|x64.ActiveCfg = Release|Any CPU
		{E9B38156-17B0-4D52-B3E4-E76CC0A0EFA1}.Release|x64.Build.0 = Release|Any CPU
		{E9B38156-17B0-4D52-B3E4-E76CC0A0EFA1}.Release|x86.ActiveCfg = Release|Any CPU
		{E9B38156-17B0-4D52-B3E4-E76CC0A0EFA1}.Release|x86.Build.0 = Release|Any CPU
	EndGlobalSection
	GlobalSection(SolutionProperties) = preSolution
		HideSolutionNode = FALSE
	EndGlobalSection
	GlobalSection(ExtensibilityGlobals) = postSolution
		SolutionGuid = {8F9579F5-E9BE-4EB5-9499-DBE1636031B4}
	EndGlobalSection
EndGlobal
